
Microsoft Visual Studio Solution File, Format Version 12.00
# Visual Studio Version 17
VisualStudioVersion = 17.11.35327.3
MinimumVisualStudioVersion = 10.0.40219.1
Project("{8BC9CEB8-8B4A-11D0-8D11-00A0C91BC942}") = "12", "12\12.vcxproj", "{ADEA251A-833F-49A3-AEF2-B292BB2F8D88}"
EndProject
Global
	GlobalSection(SolutionConfigurationPlatforms) = preSolution
		Debug|x64 = Debug|x64
		Debug|x86 = Debug|x86
		Release|x64 = Release|x64
		Release|x86 = Release|x86
	EndGlobalSection
	GlobalSection(ProjectConfigurationPlatforms) = postSolution
		{ADEA251A-833F-49A3-AEF2-B292BB2F8D88}.Debug|x64.ActiveCfg = Debug|x64
		{ADEA251A-833F-49A3-AEF2-B292BB2F8D88}.Debug|x64.Build.0 = Debug|x64
		{ADEA251A-833F-49A3-AEF2-B292BB2F8D88}.Debug|x86.ActiveCfg = Debug|Win32
		{ADEA251A-833F-49A3-AEF2-B292BB2F8D88}.Debug|x86.Build.0 = Debug|Win32
		{ADEA251A-833F-49A3-AEF2-B292BB2F8D88}.Release|x64.ActiveCfg = Release|x64
		{ADEA251A-833F-49A3-AEF2-B292BB2F8D88}.Release|x64.Build.0 = Release|x64
		{ADEA251A-833F-49A3-AEF2-B292BB2F8D88}.Release|x86.ActiveCfg = Release|Win32
		{ADEA251A-833F-49A3-AEF2-B292BB2F8D88}.Release|x86.Build.0 = Release|Win32
	EndGlobalSection
	GlobalSection(SolutionProperties) = preSolution
		HideSolutionNode = FALSE
	EndGlobalSection
	GlobalSection(ExtensibilityGlobals) = postSolution
		SolutionGuid = {7420E16F-D1EC-46A4-ADA1-74538BEE5D82}
	EndGlobalSection
EndGlobal
